
Microsoft Visual Studio Solution File, Format Version 12.00
# Visual Studio Version 17
VisualStudioVersion = 17.13.35828.75 d17.13
MinimumVisualStudioVersion = 10.0.40219.1
Project("{FAE04EC0-301F-11D3-BF4B-00C04F79EFBC}") = "BookLibraryExam", "BookLibraryExam.csproj", "{527E90B4-0F13-4F4F-873F-E34A04E96918}"
EndProject
Global
	GlobalSection(SolutionConfigurationPlatforms) = preSolution
		Debug|Any CPU = Debug|Any CPU
		Release|Any CPU = Release|Any CPU
	EndGlobalSection
	GlobalSection(ProjectConfigurationPlatforms) = postSolution
		{527E90B4-0F13-4F4F-873F-E34A04E96918}.Debug|Any CPU.ActiveCfg = Debug|Any CPU
		{527E90B4-0F13-4F4F-873F-E34A04E96918}.Debug|Any CPU.Build.0 = Debug|Any CPU
		{527E90B4-0F13-4F4F-873F-E34A04E96918}.Release|Any CPU.ActiveCfg = Release|Any CPU
		{527E90B4-0F13-4F4F-873F-E34A04E96918}.Release|Any CPU.Build.0 = Release|Any CPU
	EndGlobalSection
	GlobalSection(SolutionProperties) = preSolution
		HideSolutionNode = FALSE
	EndGlobalSection
	GlobalSection(ExtensibilityGlobals) = postSolution
		SolutionGuid = {DCAFB887-BB2D-45BF-8236-26949D3E5FB0}
	EndGlobalSection
EndGlobal
